
Microsoft Visual Studio Solution File, Format Version 12.00
# Visual Studio Version 17
VisualStudioVersion = 17.7.34221.43
MinimumVisualStudioVersion = 10.0.40219.1
Project("{F184B08F-C81C-45F6-A57F-5ABD9991F28F}") = "HW12", "HW12\HW12.vbproj", "{19EF3D3B-A32D-4D35-A730-524E8B5A8A52}"
EndProject
Global
	GlobalSection(SolutionConfigurationPlatforms) = preSolution
		Debug|Any CPU = Debug|Any CPU
		Release|Any CPU = Release|Any CPU
	EndGlobalSection
	GlobalSection(ProjectConfigurationPlatforms) = postSolution
		{19EF3D3B-A32D-4D35-A730-524E8B5A8A52}.Debug|Any CPU.ActiveCfg = Debug|Any CPU
		{19EF3D3B-A32D-4D35-A730-524E8B5A8A52}.Debug|Any CPU.Build.0 = Debug|Any CPU
		{19EF3D3B-A32D-4D35-A730-524E8B5A8A52}.Release|Any CPU.ActiveCfg = Release|Any CPU
		{19EF3D3B-A32D-4D35-A730-524E8B5A8A52}.Release|Any CPU.Build.0 = Release|Any CPU
	EndGlobalSection
	GlobalSection(SolutionProperties) = preSolution
		HideSolutionNode = FALSE
	EndGlobalSection
	GlobalSection(ExtensibilityGlobals) = postSolution
		SolutionGuid = {6A74A431-3E72-4497-B4A3-E15A98871BEB}
	EndGlobalSection
EndGlobal
